
Microsoft Visual Studio Solution File, Format Version 12.00
# Visual Studio Version 17
VisualStudioVersion = 17.9.34622.214
MinimumVisualStudioVersion = 10.0.40219.1
Project("{FAE04EC0-301F-11D3-BF4B-00C04F79EFBC}") = "git.API", "WebApplication1\git.API.csproj", "{E9EF2F94-E91C-4A43-B734-97C361CF88F1}"
EndProject
Project("{FAE04EC0-301F-11D3-BF4B-00C04F79EFBC}") = "Interface", "Interface\Interface.csproj", "{BE7225FB-903A-4C5E-A301-6C778E3FF9CC}"
EndProject
Project("{2150E333-8FDC-42A3-9474-1A3956D46DE8}") = "View", "View", "{8AE595E7-3173-4FDF-81BA-659E795F26DF}"
EndProject
Project("{2150E333-8FDC-42A3-9474-1A3956D46DE8}") = "Controller", "Controller", "{B6039B22-459D-43C4-810C-F398DAB80B44}"
EndProject
Project("{2150E333-8FDC-42A3-9474-1A3956D46DE8}") = "Resources", "Resources", "{019B7453-228B-4A00-9B1C-65F134968CD2}"
EndProject
Project("{9A19103F-16F7-4668-BE54-9A1E7A4F7556}") = "Interface", "Interface\Interface.csproj", "{64437F90-8A26-4B17-91D7-C16770E230FC}"
EndProject
Global
	GlobalSection(SolutionConfigurationPlatforms) = preSolution
		Debug|Any CPU = Debug|Any CPU
		Release|Any CPU = Release|Any CPU
	EndGlobalSection
	GlobalSection(ProjectConfigurationPlatforms) = postSolution
		{E9EF2F94-E91C-4A43-B734-97C361CF88F1}.Debug|Any CPU.ActiveCfg = Debug|Any CPU
		{E9EF2F94-E91C-4A43-B734-97C361CF88F1}.Debug|Any CPU.Build.0 = Debug|Any CPU
		{E9EF2F94-E91C-4A43-B734-97C361CF88F1}.Release|Any CPU.ActiveCfg = Release|Any CPU
		{E9EF2F94-E91C-4A43-B734-97C361CF88F1}.Release|Any CPU.Build.0 = Release|Any CPU
		{BE7225FB-903A-4C5E-A301-6C778E3FF9CC}.Debug|Any CPU.ActiveCfg = Debug|Any CPU
		{BE7225FB-903A-4C5E-A301-6C778E3FF9CC}.Debug|Any CPU.Build.0 = Debug|Any CPU
		{BE7225FB-903A-4C5E-A301-6C778E3FF9CC}.Release|Any CPU.ActiveCfg = Release|Any CPU
		{BE7225FB-903A-4C5E-A301-6C778E3FF9CC}.Release|Any CPU.Build.0 = Release|Any CPU
		{CC9E9843-BCD5-4C8E-9550-CFDC01ED3D96}.Debug|Any CPU.ActiveCfg = Debug|Any CPU
		{CC9E9843-BCD5-4C8E-9550-CFDC01ED3D96}.Debug|Any CPU.Build.0 = Debug|Any CPU
		{CC9E9843-BCD5-4C8E-9550-CFDC01ED3D96}.Release|Any CPU.ActiveCfg = Release|Any CPU
		{CC9E9843-BCD5-4C8E-9550-CFDC01ED3D96}.Release|Any CPU.Build.0 = Release|Any CPU
		{8758BF54-29D8-49FE-B542-55B46CC4A650}.Debug|Any CPU.ActiveCfg = Debug|Any CPU
		{8758BF54-29D8-49FE-B542-55B46CC4A650}.Debug|Any CPU.Build.0 = Debug|Any CPU
		{8758BF54-29D8-49FE-B542-55B46CC4A650}.Release|Any CPU.ActiveCfg = Release|Any CPU
		{8758BF54-29D8-49FE-B542-55B46CC4A650}.Release|Any CPU.Build.0 = Release|Any CPU
		{92899E12-0A0E-4DCA-B598-BF984895CAB7}.Debug|Any CPU.ActiveCfg = Debug|Any CPU
		{92899E12-0A0E-4DCA-B598-BF984895CAB7}.Debug|Any CPU.Build.0 = Debug|Any CPU
		{92899E12-0A0E-4DCA-B598-BF984895CAB7}.Release|Any CPU.ActiveCfg = Release|Any CPU
		{92899E12-0A0E-4DCA-B598-BF984895CAB7}.Release|Any CPU.Build.0 = Release|Any CPU
		{3006E1C6-DAC3-4D35-955A-B4ED82F9EC1C}.Debug|Any CPU.ActiveCfg = Debug|Any CPU
		{3006E1C6-DAC3-4D35-955A-B4ED82F9EC1C}.Debug|Any CPU.Build.0 = Debug|Any CPU
		{3006E1C6-DAC3-4D35-955A-B4ED82F9EC1C}.Release|Any CPU.ActiveCfg = Release|Any CPU
		{3006E1C6-DAC3-4D35-955A-B4ED82F9EC1C}.Release|Any CPU.Build.0 = Release|Any CPU
	EndGlobalSection
	GlobalSection(SolutionProperties) = preSolution
		HideSolutionNode = FALSE
	EndGlobalSection
	GlobalSection(NestedProjects) = preSolution
		{E9EF2F94-E91C-4A43-B734-97C361CF88F1} = {019B7453-228B-4A00-9B1C-65F134968CD2}
		{64437F90-8A26-4B17-91D7-C16770E230FC} = {8AE595E7-3173-4FDF-81BA-659E795F26DF}
	EndGlobalSection
	GlobalSection(ExtensibilityGlobals) = postSolution
		SolutionGuid = {C8FCFA94-8A85-4F2B-9585-9D5804A33651}
	EndGlobalSection
EndGlobal
