
Microsoft Visual Studio Solution File, Format Version 12.00
# Visual Studio Version 17
VisualStudioVersion = 17.9.34622.214
MinimumVisualStudioVersion = 10.0.40219.1
Project("{9A19103F-16F7-4668-BE54-9A1E7A4F7556}") = "git.API", "WebApplication1\git.API.csproj", "{E9EF2F94-E91C-4A43-B734-97C361CF88F1}"
EndProject
Project("{2150E333-8FDC-42A3-9474-1A3956D46DE8}") = "Model", "Model", "{3B55D770-38EE-455D-A7F9-B516F811229C}"
EndProject
Project("{2150E333-8FDC-42A3-9474-1A3956D46DE8}") = "View", "View", "{8AE595E7-3173-4FDF-81BA-659E795F26DF}"
EndProject
Project("{2150E333-8FDC-42A3-9474-1A3956D46DE8}") = "Controller", "Controller", "{B6039B22-459D-43C4-810C-F398DAB80B44}"
EndProject
Project("{2150E333-8FDC-42A3-9474-1A3956D46DE8}") = "Resources", "Resources", "{019B7453-228B-4A00-9B1C-65F134968CD2}"
EndProject
Project("{9A19103F-16F7-4668-BE54-9A1E7A4F7556}") = "Interface", "Interface\Interface.csproj", "{64437F90-8A26-4B17-91D7-C16770E230FC}"
EndProject
Global
	GlobalSection(SolutionConfigurationPlatforms) = preSolution
		Debug|Any CPU = Debug|Any CPU
		Release|Any CPU = Release|Any CPU
	EndGlobalSection
	GlobalSection(ProjectConfigurationPlatforms) = postSolution
		{E9EF2F94-E91C-4A43-B734-97C361CF88F1}.Debug|Any CPU.ActiveCfg = Debug|Any CPU
		{E9EF2F94-E91C-4A43-B734-97C361CF88F1}.Debug|Any CPU.Build.0 = Debug|Any CPU
		{E9EF2F94-E91C-4A43-B734-97C361CF88F1}.Release|Any CPU.ActiveCfg = Release|Any CPU
		{E9EF2F94-E91C-4A43-B734-97C361CF88F1}.Release|Any CPU.Build.0 = Release|Any CPU
		{64437F90-8A26-4B17-91D7-C16770E230FC}.Debug|Any CPU.ActiveCfg = Debug|Any CPU
		{64437F90-8A26-4B17-91D7-C16770E230FC}.Debug|Any CPU.Build.0 = Debug|Any CPU
		{64437F90-8A26-4B17-91D7-C16770E230FC}.Release|Any CPU.ActiveCfg = Release|Any CPU
		{64437F90-8A26-4B17-91D7-C16770E230FC}.Release|Any CPU.Build.0 = Release|Any CPU
	EndGlobalSection
	GlobalSection(SolutionProperties) = preSolution
		HideSolutionNode = FALSE
	EndGlobalSection
	GlobalSection(NestedProjects) = preSolution
		{E9EF2F94-E91C-4A43-B734-97C361CF88F1} = {019B7453-228B-4A00-9B1C-65F134968CD2}
		{64437F90-8A26-4B17-91D7-C16770E230FC} = {8AE595E7-3173-4FDF-81BA-659E795F26DF}
	EndGlobalSection
	GlobalSection(ExtensibilityGlobals) = postSolution
		SolutionGuid = {C8FCFA94-8A85-4F2B-9585-9D5804A33651}
	EndGlobalSection
EndGlobal
